// !$*UTF8*$!
{
	archiveVersion = 1;
	classes = {
	};
	objectVersion = 46;
	objects = {

/* Begin PBXBuildFile section */
		7220788B2C5520E7968C2CAE /* Pods_beMEMO.framework in Frameworks */ = {isa = PBXBuildFile; fileRef = AEEB584340F81F6F412D4B96 /* Pods_beMEMO.framework */; };
		7EBA86311CD427D2005F0461 /* CAPSPageMenu.swift in Sources */ = {isa = PBXBuildFile; fileRef = 7EBA86301CD427D2005F0461 /* CAPSPageMenu.swift */; };
		7EBA86331CD428BB005F0461 /* SobreVC.swift in Sources */ = {isa = PBXBuildFile; fileRef = 7EBA86321CD428BB005F0461 /* SobreVC.swift */; };
		7EBA86381CD42978005F0461 /* SobreTalitaVC.swift in Sources */ = {isa = PBXBuildFile; fileRef = 7EBA86341CD42978005F0461 /* SobreTalitaVC.swift */; };
		7EBA86391CD42978005F0461 /* SobreTalitaVC.xib in Resources */ = {isa = PBXBuildFile; fileRef = 7EBA86351CD42978005F0461 /* SobreTalitaVC.xib */; };
		7EBA863A1CD42978005F0461 /* SobreEmpresaVC.swift in Sources */ = {isa = PBXBuildFile; fileRef = 7EBA86361CD42978005F0461 /* SobreEmpresaVC.swift */; };
		7EBA863B1CD42978005F0461 /* SobreEmpresaVC.xib in Resources */ = {isa = PBXBuildFile; fileRef = 7EBA86371CD42978005F0461 /* SobreEmpresaVC.xib */; };
		7EBA86421CE12CE5005F0461 /* TableVCContato.swift in Sources */ = {isa = PBXBuildFile; fileRef = 7EBA86411CE12CE4005F0461 /* TableVCContato.swift */; };
		7EBA86441CE12F14005F0461 /* Contato.swift in Sources */ = {isa = PBXBuildFile; fileRef = 7EBA86431CE12F14005F0461 /* Contato.swift */; };
		7ECAA7051CD4203300F30D2F /* AppDelegate.swift in Sources */ = {isa = PBXBuildFile; fileRef = 7ECAA7041CD4203300F30D2F /* AppDelegate.swift */; };
		7ECAA7071CD4203300F30D2F /* ViewController.swift in Sources */ = {isa = PBXBuildFile; fileRef = 7ECAA7061CD4203300F30D2F /* ViewController.swift */; };
		7ECAA70A1CD4203300F30D2F /* Main.storyboard in Resources */ = {isa = PBXBuildFile; fileRef = 7ECAA7081CD4203300F30D2F /* Main.storyboard */; };
		7ECAA70C1CD4203300F30D2F /* Assets.xcassets in Resources */ = {isa = PBXBuildFile; fileRef = 7ECAA70B1CD4203300F30D2F /* Assets.xcassets */; };
		7ECAA70F1CD4203300F30D2F /* LaunchScreen.storyboard in Resources */ = {isa = PBXBuildFile; fileRef = 7ECAA70D1CD4203300F30D2F /* LaunchScreen.storyboard */; };
		7EEC13F41CE2CFDB0068D322 /* WebViewController.swift in Sources */ = {isa = PBXBuildFile; fileRef = 7EEC13F31CE2CFDB0068D322 /* WebViewController.swift */; };
/* End PBXBuildFile section */

/* Begin PBXFileReference section */
		0AA44FD7E511F1CD1A567302 /* Pods-beMEMO.release.xcconfig */ = {isa = PBXFileReference; includeInIndex = 1; lastKnownFileType = text.xcconfig; name = "Pods-beMEMO.release.xcconfig"; path = "Pods/Target Support Files/Pods-beMEMO/Pods-beMEMO.release.xcconfig"; sourceTree = "<group>"; };
		7EBA86301CD427D2005F0461 /* CAPSPageMenu.swift */ = {isa = PBXFileReference; fileEncoding = 4; lastKnownFileType = sourcecode.swift; path = CAPSPageMenu.swift; sourceTree = "<group>"; };
		7EBA86321CD428BB005F0461 /* SobreVC.swift */ = {isa = PBXFileReference; fileEncoding = 4; lastKnownFileType = sourcecode.swift; path = SobreVC.swift; sourceTree = "<group>"; };
		7EBA86341CD42978005F0461 /* SobreTalitaVC.swift */ = {isa = PBXFileReference; fileEncoding = 4; lastKnownFileType = sourcecode.swift; path = SobreTalitaVC.swift; sourceTree = "<group>"; };
		7EBA86351CD42978005F0461 /* SobreTalitaVC.xib */ = {isa = PBXFileReference; fileEncoding = 4; lastKnownFileType = file.xib; path = SobreTalitaVC.xib; sourceTree = "<group>"; };
		7EBA86361CD42978005F0461 /* SobreEmpresaVC.swift */ = {isa = PBXFileReference; fileEncoding = 4; lastKnownFileType = sourcecode.swift; path = SobreEmpresaVC.swift; sourceTree = "<group>"; };
		7EBA86371CD42978005F0461 /* SobreEmpresaVC.xib */ = {isa = PBXFileReference; fileEncoding = 4; lastKnownFileType = file.xib; path = SobreEmpresaVC.xib; sourceTree = "<group>"; };
		7EBA86411CE12CE4005F0461 /* TableVCContato.swift */ = {isa = PBXFileReference; fileEncoding = 4; lastKnownFileType = sourcecode.swift; path = TableVCContato.swift; sourceTree = "<group>"; };
		7EBA86431CE12F14005F0461 /* Contato.swift */ = {isa = PBXFileReference; fileEncoding = 4; lastKnownFileType = sourcecode.swift; path = Contato.swift; sourceTree = "<group>"; };
		7ECAA7011CD4203300F30D2F /* beMEMO.app */ = {isa = PBXFileReference; explicitFileType = wrapper.application; includeInIndex = 0; path = beMEMO.app; sourceTree = BUILT_PRODUCTS_DIR; };
		7ECAA7041CD4203300F30D2F /* AppDelegate.swift */ = {isa = PBXFileReference; lastKnownFileType = sourcecode.swift; path = AppDelegate.swift; sourceTree = "<group>"; };
		7ECAA7061CD4203300F30D2F /* ViewController.swift */ = {isa = PBXFileReference; lastKnownFileType = sourcecode.swift; path = ViewController.swift; sourceTree = "<group>"; };
		7ECAA7091CD4203300F30D2F /* Base */ = {isa = PBXFileReference; lastKnownFileType = file.storyboard; name = Base; path = Base.lproj/Main.storyboard; sourceTree = "<group>"; };
		7ECAA70B1CD4203300F30D2F /* Assets.xcassets */ = {isa = PBXFileReference; lastKnownFileType = folder.assetcatalog; path = Assets.xcassets; sourceTree = "<group>"; };
		7ECAA70E1CD4203300F30D2F /* Base */ = {isa = PBXFileReference; lastKnownFileType = file.storyboard; name = Base; path = Base.lproj/LaunchScreen.storyboard; sourceTree = "<group>"; };
		7ECAA7101CD4203300F30D2F /* Info.plist */ = {isa = PBXFileReference; lastKnownFileType = text.plist.xml; path = Info.plist; sourceTree = "<group>"; };
		7EEC13F31CE2CFDB0068D322 /* WebViewController.swift */ = {isa = PBXFileReference; fileEncoding = 4; lastKnownFileType = sourcecode.swift; path = WebViewController.swift; sourceTree = "<group>"; };
		A84777A1F588A5841351FBDE /* Pods-beMEMO.debug.xcconfig */ = {isa = PBXFileReference; includeInIndex = 1; lastKnownFileType = text.xcconfig; name = "Pods-beMEMO.debug.xcconfig"; path = "Pods/Target Support Files/Pods-beMEMO/Pods-beMEMO.debug.xcconfig"; sourceTree = "<group>"; };
		AEEB584340F81F6F412D4B96 /* Pods_beMEMO.framework */ = {isa = PBXFileReference; explicitFileType = wrapper.framework; includeInIndex = 0; path = Pods_beMEMO.framework; sourceTree = BUILT_PRODUCTS_DIR; };
/* End PBXFileReference section */

/* Begin PBXFrameworksBuildPhase section */
		7ECAA6FE1CD4203300F30D2F /* Frameworks */ = {
			isa = PBXFrameworksBuildPhase;
			buildActionMask = 2147483647;
			files = (
				7220788B2C5520E7968C2CAE /* Pods_beMEMO.framework in Frameworks */,
			);
			runOnlyForDeploymentPostprocessing = 0;
		};
/* End PBXFrameworksBuildPhase section */

/* Begin PBXGroup section */
		4F5ECEFCB58BCE3A2D34196C /* Pods */ = {
			isa = PBXGroup;
			children = (
				A84777A1F588A5841351FBDE /* Pods-beMEMO.debug.xcconfig */,
				0AA44FD7E511F1CD1A567302 /* Pods-beMEMO.release.xcconfig */,
			);
			name = Pods;
			sourceTree = "<group>";
		};
		7EBA863C1CD42DC7005F0461 /* Sobre */ = {
			isa = PBXGroup;
			children = (
				7EBA86321CD428BB005F0461 /* SobreVC.swift */,
				7EBA86361CD42978005F0461 /* SobreEmpresaVC.swift */,
				7EBA86371CD42978005F0461 /* SobreEmpresaVC.xib */,
				7EBA86341CD42978005F0461 /* SobreTalitaVC.swift */,
				7EBA86351CD42978005F0461 /* SobreTalitaVC.xib */,
				7EBA86301CD427D2005F0461 /* CAPSPageMenu.swift */,
			);
			name = Sobre;
			sourceTree = "<group>";
		};
		7EBA863D1CD42DD4005F0461 /* Base */ = {
			isa = PBXGroup;
			children = (
				7ECAA7081CD4203300F30D2F /* Main.storyboard */,
				7ECAA7061CD4203300F30D2F /* ViewController.swift */,
				7ECAA7041CD4203300F30D2F /* AppDelegate.swift */,
				7ECAA70D1CD4203300F30D2F /* LaunchScreen.storyboard */,
			);
			name = Base;
			sourceTree = "<group>";
		};
		7EBA863E1CD456E4005F0461 /* Contato */ = {
			isa = PBXGroup;
			children = (
				7EEC13F31CE2CFDB0068D322 /* WebViewController.swift */,
				7EBA86411CE12CE4005F0461 /* TableVCContato.swift */,
				7EBA86431CE12F14005F0461 /* Contato.swift */,
			);
			name = Contato;
			sourceTree = "<group>";
		};
		7ECAA6F81CD4203300F30D2F = {
			isa = PBXGroup;
			children = (
				7ECAA7031CD4203300F30D2F /* beMEMO */,
				7ECAA7021CD4203300F30D2F /* Products */,
				4F5ECEFCB58BCE3A2D34196C /* Pods */,
				98D20488A6741A1286DC156A /* Frameworks */,
			);
			sourceTree = "<group>";
		};
		7ECAA7021CD4203300F30D2F /* Products */ = {
			isa = PBXGroup;
			children = (
				7ECAA7011CD4203300F30D2F /* beMEMO.app */,
			);
			name = Products;
			sourceTree = "<group>";
		};
		7ECAA7031CD4203300F30D2F /* beMEMO */ = {
			isa = PBXGroup;
			children = (
				7EBA863D1CD42DD4005F0461 /* Base */,
				7EBA863E1CD456E4005F0461 /* Contato */,
				7EBA863C1CD42DC7005F0461 /* Sobre */,
				7ECAA70B1CD4203300F30D2F /* Assets.xcassets */,
				7ECAA7101CD4203300F30D2F /* Info.plist */,
			);
			path = beMEMO;
			sourceTree = "<group>";
		};
		98D20488A6741A1286DC156A /* Frameworks */ = {
			isa = PBXGroup;
			children = (
				AEEB584340F81F6F412D4B96 /* Pods_beMEMO.framework */,
			);
			name = Frameworks;
			sourceTree = "<group>";
		};
/* End PBXGroup section */

/* Begin PBXNativeTarget section */
		7ECAA7001CD4203300F30D2F /* beMEMO */ = {
			isa = PBXNativeTarget;
			buildConfigurationList = 7ECAA7131CD4203300F30D2F /* Build configuration list for PBXNativeTarget "beMEMO" */;
			buildPhases = (
				C8378BDF2AE37E3375797227 /* Check Pods Manifest.lock */,
				7ECAA6FD1CD4203300F30D2F /* Sources */,
				7ECAA6FE1CD4203300F30D2F /* Frameworks */,
				7ECAA6FF1CD4203300F30D2F /* Resources */,
				2C4F1CF205C59EA706C70C88 /* Embed Pods Frameworks */,
				5BC3AAB6D4874E33E2D03B9A /* Copy Pods Resources */,
			);
			buildRules = (
			);
			dependencies = (
			);
			name = beMEMO;
			productName = beMEMO;
			productReference = 7ECAA7011CD4203300F30D2F /* beMEMO.app */;
			productType = "com.apple.product-type.application";
		};
/* End PBXNativeTarget section */

/* Begin PBXProject section */
		7ECAA6F91CD4203300F30D2F /* Project object */ = {
			isa = PBXProject;
			attributes = {
				LastSwiftUpdateCheck = 0730;
				LastUpgradeCheck = 0730;
				ORGANIZATIONNAME = samueldfo;
				TargetAttributes = {
					7ECAA7001CD4203300F30D2F = {
						CreatedOnToolsVersion = 7.3;
						DevelopmentTeam = REN84SUHZW;
					};
				};
			};
			buildConfigurationList = 7ECAA6FC1CD4203300F30D2F /* Build configuration list for PBXProject "beMEMO" */;
			compatibilityVersion = "Xcode 3.2";
			developmentRegion = English;
			hasScannedForEncodings = 0;
			knownRegions = (
				en,
				Base,
			);
			mainGroup = 7ECAA6F81CD4203300F30D2F;
			productRefGroup = 7ECAA7021CD4203300F30D2F /* Products */;
			projectDirPath = "";
			projectRoot = "";
			targets = (
				7ECAA7001CD4203300F30D2F /* beMEMO */,
			);
		};
/* End PBXProject section */

/* Begin PBXResourcesBuildPhase section */
		7ECAA6FF1CD4203300F30D2F /* Resources */ = {
			isa = PBXResourcesBuildPhase;
			buildActionMask = 2147483647;
			files = (
				7ECAA70F1CD4203300F30D2F /* LaunchScreen.storyboard in Resources */,
				7EBA86391CD42978005F0461 /* SobreTalitaVC.xib in Resources */,
				7EBA863B1CD42978005F0461 /* SobreEmpresaVC.xib in Resources */,
				7ECAA70C1CD4203300F30D2F /* Assets.xcassets in Resources */,
				7ECAA70A1CD4203300F30D2F /* Main.storyboard in Resources */,
			);
			runOnlyForDeploymentPostprocessing = 0;
		};
/* End PBXResourcesBuildPhase section */

/* Begin PBXShellScriptBuildPhase section */
		2C4F1CF205C59EA706C70C88 /* Embed Pods Frameworks */ = {
			isa = PBXShellScriptBuildPhase;
			buildActionMask = 2147483647;
			files = (
			);
			inputPaths = (
			);
			name = "Embed Pods Frameworks";
			outputPaths = (
			);
			runOnlyForDeploymentPostprocessing = 0;
			shellPath = /bin/sh;
			shellScript = "\"${SRCROOT}/Pods/Target Support Files/Pods-beMEMO/Pods-beMEMO-frameworks.sh\"\n";
			showEnvVarsInLog = 0;
		};
		5BC3AAB6D4874E33E2D03B9A /* Copy Pods Resources */ = {
			isa = PBXShellScriptBuildPhase;
			buildActionMask = 2147483647;
			files = (
			);
			inputPaths = (
			);
			name = "Copy Pods Resources";
			outputPaths = (
			);
			runOnlyForDeploymentPostprocessing = 0;
			shellPath = /bin/sh;
			shellScript = "\"${SRCROOT}/Pods/Target Support Files/Pods-beMEMO/Pods-beMEMO-resources.sh\"\n";
			showEnvVarsInLog = 0;
		};
		C8378BDF2AE37E3375797227 /* Check Pods Manifest.lock */ = {
			isa = PBXShellScriptBuildPhase;
			buildActionMask = 2147483647;
			files = (
			);
			inputPaths = (
			);
			name = "Check Pods Manifest.lock";
			outputPaths = (
			);
			runOnlyForDeploymentPostprocessing = 0;
			shellPath = /bin/sh;
			shellScript = "diff \"${PODS_ROOT}/../Podfile.lock\" \"${PODS_ROOT}/Manifest.lock\" > /dev/null\nif [[ $? != 0 ]] ; then\n    cat << EOM\nerror: The sandbox is not in sync with the Podfile.lock. Run 'pod install' or update your CocoaPods installation.\nEOM\n    exit 1\nfi\n";
			showEnvVarsInLog = 0;
		};
/* End PBXShellScriptBuildPhase section */

/* Begin PBXSourcesBuildPhase section */
		7ECAA6FD1CD4203300F30D2F /* Sources */ = {
			isa = PBXSourcesBuildPhase;
			buildActionMask = 2147483647;
			files = (
				7EBA86331CD428BB005F0461 /* SobreVC.swift in Sources */,
				7ECAA7071CD4203300F30D2F /* ViewController.swift in Sources */,
				7EBA86441CE12F14005F0461 /* Contato.swift in Sources */,
				7EEC13F41CE2CFDB0068D322 /* WebViewController.swift in Sources */,
				7EBA86311CD427D2005F0461 /* CAPSPageMenu.swift in Sources */,
				7ECAA7051CD4203300F30D2F /* AppDelegate.swift in Sources */,
				7EBA863A1CD42978005F0461 /* SobreEmpresaVC.swift in Sources */,
				7EBA86421CE12CE5005F0461 /* TableVCContato.swift in Sources */,
				7EBA86381CD42978005F0461 /* SobreTalitaVC.swift in Sources */,
			);
			runOnlyForDeploymentPostprocessing = 0;
		};
/* End PBXSourcesBuildPhase section */

/* Begin PBXVariantGroup section */
		7ECAA7081CD4203300F30D2F /* Main.storyboard */ = {
			isa = PBXVariantGroup;
			children = (
				7ECAA7091CD4203300F30D2F /* Base */,
			);
			name = Main.storyboard;
			sourceTree = "<group>";
		};
		7ECAA70D1CD4203300F30D2F /* LaunchScreen.storyboard */ = {
			isa = PBXVariantGroup;
			children = (
				7ECAA70E1CD4203300F30D2F /* Base */,
			);
			name = LaunchScreen.storyboard;
			sourceTree = "<group>";
		};
/* End PBXVariantGroup section */

/* Begin XCBuildConfiguration section */
		7ECAA7111CD4203300F30D2F /* Debug */ = {
			isa = XCBuildConfiguration;
			buildSettings = {
				ALWAYS_SEARCH_USER_PATHS = NO;
				CLANG_ANALYZER_NONNULL = YES;
				CLANG_CXX_LANGUAGE_STANDARD = "gnu++0x";
				CLANG_CXX_LIBRARY = "libc++";
				CLANG_ENABLE_MODULES = YES;
				CLANG_ENABLE_OBJC_ARC = YES;
				CLANG_WARN_BOOL_CONVERSION = YES;
				CLANG_WARN_CONSTANT_CONVERSION = YES;
				CLANG_WARN_DIRECT_OBJC_ISA_USAGE = YES_ERROR;
				CLANG_WARN_EMPTY_BODY = YES;
				CLANG_WARN_ENUM_CONVERSION = YES;
				CLANG_WARN_INT_CONVERSION = YES;
				CLANG_WARN_OBJC_ROOT_CLASS = YES_ERROR;
				CLANG_WARN_UNREACHABLE_CODE = YES;
				CLANG_WARN__DUPLICATE_METHOD_MATCH = YES;
				"CODE_SIGN_IDENTITY[sdk=iphoneos*]" = "iPhone Developer";
				COPY_PHASE_STRIP = NO;
				DEBUG_INFORMATION_FORMAT = dwarf;
				ENABLE_STRICT_OBJC_MSGSEND = YES;
				ENABLE_TESTABILITY = YES;
				GCC_C_LANGUAGE_STANDARD = gnu99;
				GCC_DYNAMIC_NO_PIC = NO;
				GCC_NO_COMMON_BLOCKS = YES;
				GCC_OPTIMIZATION_LEVEL = 0;
				GCC_PREPROCESSOR_DEFINITIONS = (
					"DEBUG=1",
					"$(inherited)",
				);
				GCC_WARN_64_TO_32_BIT_CONVERSION = YES;
				GCC_WARN_ABOUT_RETURN_TYPE = YES_ERROR;
				GCC_WARN_UNDECLARED_SELECTOR = YES;
				GCC_WARN_UNINITIALIZED_AUTOS = YES_AGGRESSIVE;
				GCC_WARN_UNUSED_FUNCTION = YES;
				GCC_WARN_UNUSED_VARIABLE = YES;
				IPHONEOS_DEPLOYMENT_TARGET = 9.3;
				MTL_ENABLE_DEBUG_INFO = YES;
				ONLY_ACTIVE_ARCH = YES;
				SDKROOT = iphoneos;
				SWIFT_OPTIMIZATION_LEVEL = "-Onone";
				TARGETED_DEVICE_FAMILY = "1,2";
			};
			name = Debug;
		};
		7ECAA7121CD4203300F30D2F /* Release */ = {
			isa = XCBuildConfiguration;
			buildSettings = {
				ALWAYS_SEARCH_USER_PATHS = NO;
				CLANG_ANALYZER_NONNULL = YES;
				CLANG_CXX_LANGUAGE_STANDARD = "gnu++0x";
				CLANG_CXX_LIBRARY = "libc++";
				CLANG_ENABLE_MODULES = YES;
				CLANG_ENABLE_OBJC_ARC = YES;
				CLANG_WARN_BOOL_CONVERSION = YES;
				CLANG_WARN_CONSTANT_CONVERSION = YES;
				CLANG_WARN_DIRECT_OBJC_ISA_USAGE = YES_ERROR;
				CLANG_WARN_EMPTY_BODY = YES;
				CLANG_WARN_ENUM_CONVERSION = YES;
				CLANG_WARN_INT_CONVERSION = YES;
				CLANG_WARN_OBJC_ROOT_CLASS = YES_ERROR;
				CLANG_WARN_UNREACHABLE_CODE = YES;
				CLANG_WARN__DUPLICATE_METHOD_MATCH = YES;
				"CODE_SIGN_IDENTITY[sdk=iphoneos*]" = "iPhone Developer";
				COPY_PHASE_STRIP = NO;
				DEBUG_INFORMATION_FORMAT = "dwarf-with-dsym";
				ENABLE_NS_ASSERTIONS = NO;
				ENABLE_STRICT_OBJC_MSGSEND = YES;
				GCC_C_LANGUAGE_STANDARD = gnu99;
				GCC_NO_COMMON_BLOCKS = YES;
				GCC_WARN_64_TO_32_BIT_CONVERSION = YES;
				GCC_WARN_ABOUT_RETURN_TYPE = YES_ERROR;
				GCC_WARN_UNDECLARED_SELECTOR = YES;
				GCC_WARN_UNINITIALIZED_AUTOS = YES_AGGRESSIVE;
				GCC_WARN_UNUSED_FUNCTION = YES;
				GCC_WARN_UNUSED_VARIABLE = YES;
				IPHONEOS_DEPLOYMENT_TARGET = 9.3;
				MTL_ENABLE_DEBUG_INFO = NO;
				SDKROOT = iphoneos;
				TARGETED_DEVICE_FAMILY = "1,2";
				VALIDATE_PRODUCT = YES;
			};
			name = Release;
		};
		7ECAA7141CD4203300F30D2F /* Debug */ = {
			isa = XCBuildConfiguration;
			baseConfigurationReference = A84777A1F588A5841351FBDE /* Pods-beMEMO.debug.xcconfig */;
			buildSettings = {
				ASSETCATALOG_COMPILER_APPICON_NAME = AppIcon;
				INFOPLIST_FILE = beMEMO/Info.plist;
				LD_RUNPATH_SEARCH_PATHS = "$(inherited) @executable_path/Frameworks";
				PRODUCT_BUNDLE_IDENTIFIER = samueldfo.beMEMO;
				PRODUCT_NAME = "$(TARGET_NAME)";
			};
			name = Debug;
		};
		7ECAA7151CD4203300F30D2F /* Release */ = {
			isa = XCBuildConfiguration;
			baseConfigurationReference = 0AA44FD7E511F1CD1A567302 /* Pods-beMEMO.release.xcconfig */;
			buildSettings = {
				ASSETCATALOG_COMPILER_APPICON_NAME = AppIcon;
				INFOPLIST_FILE = beMEMO/Info.plist;
				LD_RUNPATH_SEARCH_PATHS = "$(inherited) @executable_path/Frameworks";
				PRODUCT_BUNDLE_IDENTIFIER = samueldfo.beMEMO;
				PRODUCT_NAME = "$(TARGET_NAME)";
			};
			name = Release;
		};
/* End XCBuildConfiguration section */

/* Begin XCConfigurationList section */
		7ECAA6FC1CD4203300F30D2F /* Build configuration list for PBXProject "beMEMO" */ = {
			isa = XCConfigurationList;
			buildConfigurations = (
				7ECAA7111CD4203300F30D2F /* Debug */,
				7ECAA7121CD4203300F30D2F /* Release */,
			);
			defaultConfigurationIsVisible = 0;
			defaultConfigurationName = Release;
		};
		7ECAA7131CD4203300F30D2F /* Build configuration list for PBXNativeTarget "beMEMO" */ = {
			isa = XCConfigurationList;
			buildConfigurations = (
				7ECAA7141CD4203300F30D2F /* Debug */,
				7ECAA7151CD4203300F30D2F /* Release */,
			);
			defaultConfigurationIsVisible = 0;
			defaultConfigurationName = Release;
		};
/* End XCConfigurationList section */
	};
	rootObject = 7ECAA6F91CD4203300F30D2F /* Project object */;
}
